
Microsoft Visual Studio Solution File, Format Version 12.00
# Visual Studio Version 16
VisualStudioVersion = 16.0.29424.173
MinimumVisualStudioVersion = 10.0.40219.1
Project("{FAE04EC0-301F-11D3-BF4B-00C04F79EFBC}") = "Kneebruh", "Kneebruh.csproj", "{69C1181C-3E09-4E8E-85BB-61C74DE0AA65}"
EndProject
Global
	GlobalSection(SolutionConfigurationPlatforms) = preSolution
		Debug|Any CPU = Debug|Any CPU
		Release|Any CPU = Release|Any CPU
	EndGlobalSection
	GlobalSection(ProjectConfigurationPlatforms) = postSolution
		{69C1181C-3E09-4E8E-85BB-61C74DE0AA65}.Debug|Any CPU.ActiveCfg = Debug|Any CPU
		{69C1181C-3E09-4E8E-85BB-61C74DE0AA65}.Debug|Any CPU.Build.0 = Debug|Any CPU
		{69C1181C-3E09-4E8E-85BB-61C74DE0AA65}.Release|Any CPU.ActiveCfg = Release|Any CPU
		{69C1181C-3E09-4E8E-85BB-61C74DE0AA65}.Release|Any CPU.Build.0 = Release|Any CPU
	EndGlobalSection
	GlobalSection(SolutionProperties) = preSolution
		HideSolutionNode = FALSE
	EndGlobalSection
	GlobalSection(ExtensibilityGlobals) = postSolution
		SolutionGuid = {C1994914-B004-4FD0-AC4E-387307D6C9EA}
	EndGlobalSection
EndGlobal
